
Microsoft Visual Studio Solution File, Format Version 12.00
# Visual Studio Version 16
VisualStudioVersion = 25.0.1703.2
MinimumVisualStudioVersion = 10.0.40219.1
Project("{FAE04EC0-301F-11D3-BF4B-00C04F79EFBC}") = "Algorithms", "Algorithms.csproj", "{0BDB94EC-DEE3-4FBD-9FEC-2B732A91C6DC}"
EndProject
Global
	GlobalSection(SolutionConfigurationPlatforms) = preSolution
		Debug|Any CPU = Debug|Any CPU
		Release|Any CPU = Release|Any CPU
	EndGlobalSection
	GlobalSection(ProjectConfigurationPlatforms) = postSolution
		{0BDB94EC-DEE3-4FBD-9FEC-2B732A91C6DC}.Debug|Any CPU.ActiveCfg = Debug|Any CPU
		{0BDB94EC-DEE3-4FBD-9FEC-2B732A91C6DC}.Debug|Any CPU.Build.0 = Debug|Any CPU
		{0BDB94EC-DEE3-4FBD-9FEC-2B732A91C6DC}.Release|Any CPU.ActiveCfg = Release|Any CPU
		{0BDB94EC-DEE3-4FBD-9FEC-2B732A91C6DC}.Release|Any CPU.Build.0 = Release|Any CPU
	EndGlobalSection
	GlobalSection(SolutionProperties) = preSolution
		HideSolutionNode = FALSE
	EndGlobalSection
	GlobalSection(ExtensibilityGlobals) = postSolution
		SolutionGuid = {24B57667-DD3A-4B31-9F00-1489820C231C}
	EndGlobalSection
EndGlobal
